<?xml version="1.0" encoding="utf-8"?>
<Project ToolsVersion="4.0" xmlns="http://schemas.microsoft.com/developer/msbuild/2003">
  <ItemGroup>
    <Filter Include="src">
      <UniqueIdentifier>{4FC737F1-C7A5-4376-A066-2A32D752A2FF}</UniqueIdentifier>
      <Extensions>cpp;c;cc;cxx;def;odl;idl;hpj;bat;asm;asmx</Extensions>
    </Filter>
    <Filter Include="3rd">
      <UniqueIdentifier>{265effbe-5a3e-46a4-8c23-1e1369c5e454}</UniqueIdentifier>
    </Filter>
    <Filter Include="3rd\lua5_3_5">
      <UniqueIdentifier>{c23bdb65-e9c2-4d74-8f4f-3afb9d4c9853}</UniqueIdentifier>
    </Filter>
    <Filter Include="test">
      <UniqueIdentifier>{57408b97-fd6e-441c-b1ae-b811ae313bb5}</UniqueIdentifier>
    </Filter>
  </ItemGroup>
  <ItemGroup>
    <ClCompile Include="3rd\lua5_3_5\lapi.c">
      <Filter>3rd\lua5_3_5</Filter>
    </ClCompile>
    <ClCompile Include="3rd\lua5_3_5\lauxlib.c">
      <Filter>3rd\lua5_3_5</Filter>
    </ClCompile>
    <ClCompile Include="3rd\lua5_3_5\lbaselib.c">
      <Filter>3rd\lua5_3_5</Filter>
    </ClCompile>
    <ClCompile Include="3rd\lua5_3_5\lbitlib.c">
      <Filter>3rd\lua5_3_5</Filter>
    </ClCompile>
    <ClCompile Include="3rd\lua5_3_5\lcode.c">
      <Filter>3rd\lua5_3_5</Filter>
    </ClCompile>
    <ClCompile Include="3rd\lua5_3_5\lcorolib.c">
      <Filter>3rd\lua5_3_5</Filter>
    </ClCompile>
    <ClCompile Include="3rd\lua5_3_5\lctype.c">
      <Filter>3rd\lua5_3_5</Filter>
    </ClCompile>
    <ClCompile Include="3rd\lua5_3_5\ldblib.c">
      <Filter>3rd\lua5_3_5</Filter>
    </ClCompile>
    <ClCompile Include="3rd\lua5_3_5\ldebug.c">
      <Filter>3rd\lua5_3_5</Filter>
    </ClCompile>
    <ClCompile Include="3rd\lua5_3_5\ldo.c">
      <Filter>3rd\lua5_3_5</Filter>
    </ClCompile>
    <ClCompile Include="3rd\lua5_3_5\ldump.c">
      <Filter>3rd\lua5_3_5</Filter>
    </ClCompile>
    <ClCompile Include="3rd\lua5_3_5\lfunc.c">
      <Filter>3rd\lua5_3_5</Filter>
    </ClCompile>
    <ClCompile Include="3rd\lua5_3_5\lgc.c">
      <Filter>3rd\lua5_3_5</Filter>
    </ClCompile>
    <ClCompile Include="3rd\lua5_3_5\linit.c">
      <Filter>3rd\lua5_3_5</Filter>
    </ClCompile>
    <ClCompile Include="3rd\lua5_3_5\liolib.c">
      <Filter>3rd\lua5_3_5</Filter>
    </ClCompile>
    <ClCompile Include="3rd\lua5_3_5\llex.c">
      <Filter>3rd\lua5_3_5</Filter>
    </ClCompile>
    <ClCompile Include="3rd\lua5_3_5\lmathlib.c">
      <Filter>3rd\lua5_3_5</Filter>
    </ClCompile>
    <ClCompile Include="3rd\lua5_3_5\lmem.c">
      <Filter>3rd\lua5_3_5</Filter>
    </ClCompile>
    <ClCompile Include="3rd\lua5_3_5\loadlib.c">
      <Filter>3rd\lua5_3_5</Filter>
    </ClCompile>
    <ClCompile Include="3rd\lua5_3_5\lobject.c">
      <Filter>3rd\lua5_3_5</Filter>
    </ClCompile>
    <ClCompile Include="3rd\lua5_3_5\lopcodes.c">
      <Filter>3rd\lua5_3_5</Filter>
    </ClCompile>
    <ClCompile Include="3rd\lua5_3_5\loslib.c">
      <Filter>3rd\lua5_3_5</Filter>
    </ClCompile>
    <ClCompile Include="3rd\lua5_3_5\lparser.c">
      <Filter>3rd\lua5_3_5</Filter>
    </ClCompile>
    <ClCompile Include="3rd\lua5_3_5\lstate.c">
      <Filter>3rd\lua5_3_5</Filter>
    </ClCompile>
    <ClCompile Include="3rd\lua5_3_5\lstring.c">
      <Filter>3rd\lua5_3_5</Filter>
    </ClCompile>
    <ClCompile Include="3rd\lua5_3_5\lstrlib.c">
      <Filter>3rd\lua5_3_5</Filter>
    </ClCompile>
    <ClCompile Include="3rd\lua5_3_5\ltable.c">
      <Filter>3rd\lua5_3_5</Filter>
    </ClCompile>
    <ClCompile Include="3rd\lua5_3_5\ltablib.c">
      <Filter>3rd\lua5_3_5</Filter>
    </ClCompile>
    <ClCompile Include="3rd\lua5_3_5\ltm.c">
      <Filter>3rd\lua5_3_5</Filter>
    </ClCompile>
    <ClCompile Include="3rd\lua5_3_5\lundump.c">
      <Filter>3rd\lua5_3_5</Filter>
    </ClCompile>
    <ClCompile Include="3rd\lua5_3_5\lutf8lib.c">
      <Filter>3rd\lua5_3_5</Filter>
    </ClCompile>
    <ClCompile Include="3rd\lua5_3_5\lvm.c">
      <Filter>3rd\lua5_3_5</Filter>
    </ClCompile>
    <ClCompile Include="3rd\lua5_3_5\lzio.c">
      <Filter>3rd\lua5_3_5</Filter>
    </ClCompile>
    <ClCompile Include="src\main.cpp">
      <Filter>src</Filter>
    </ClCompile>
    <ClCompile Include="src\luaprop.cpp">
      <Filter>src</Filter>
    </ClCompile>
  </ItemGroup>
  <ItemGroup>
    <ClInclude Include="3rd\lua5_3_5\lapi.h">
      <Filter>3rd\lua5_3_5</Filter>
    </ClInclude>
    <ClInclude Include="3rd\lua5_3_5\lauxlib.h">
      <Filter>3rd\lua5_3_5</Filter>
    </ClInclude>
    <ClInclude Include="3rd\lua5_3_5\lcode.h">
      <Filter>3rd\lua5_3_5</Filter>
    </ClInclude>
    <ClInclude Include="3rd\lua5_3_5\lctype.h">
      <Filter>3rd\lua5_3_5</Filter>
    </ClInclude>
    <ClInclude Include="3rd\lua5_3_5\ldebug.h">
      <Filter>3rd\lua5_3_5</Filter>
    </ClInclude>
    <ClInclude Include="3rd\lua5_3_5\ldo.h">
      <Filter>3rd\lua5_3_5</Filter>
    </ClInclude>
    <ClInclude Include="3rd\lua5_3_5\lfunc.h">
      <Filter>3rd\lua5_3_5</Filter>
    </ClInclude>
    <ClInclude Include="3rd\lua5_3_5\lgc.h">
      <Filter>3rd\lua5_3_5</Filter>
    </ClInclude>
    <ClInclude Include="3rd\lua5_3_5\llex.h">
      <Filter>3rd\lua5_3_5</Filter>
    </ClInclude>
    <ClInclude Include="3rd\lua5_3_5\llimits.h">
      <Filter>3rd\lua5_3_5</Filter>
    </ClInclude>
    <ClInclude Include="3rd\lua5_3_5\lmem.h">
      <Filter>3rd\lua5_3_5</Filter>
    </ClInclude>
    <ClInclude Include="3rd\lua5_3_5\lobject.h">
      <Filter>3rd\lua5_3_5</Filter>
    </ClInclude>
    <ClInclude Include="3rd\lua5_3_5\lopcodes.h">
      <Filter>3rd\lua5_3_5</Filter>
    </ClInclude>
    <ClInclude Include="3rd\lua5_3_5\lparser.h">
      <Filter>3rd\lua5_3_5</Filter>
    </ClInclude>
    <ClInclude Include="3rd\lua5_3_5\lprefix.h">
      <Filter>3rd\lua5_3_5</Filter>
    </ClInclude>
    <ClInclude Include="3rd\lua5_3_5\lstate.h">
      <Filter>3rd\lua5_3_5</Filter>
    </ClInclude>
    <ClInclude Include="3rd\lua5_3_5\lstring.h">
      <Filter>3rd\lua5_3_5</Filter>
    </ClInclude>
    <ClInclude Include="3rd\lua5_3_5\ltable.h">
      <Filter>3rd\lua5_3_5</Filter>
    </ClInclude>
    <ClInclude Include="3rd\lua5_3_5\ltm.h">
      <Filter>3rd\lua5_3_5</Filter>
    </ClInclude>
    <ClInclude Include="3rd\lua5_3_5\lua.h">
      <Filter>3rd\lua5_3_5</Filter>
    </ClInclude>
    <ClInclude Include="3rd\lua5_3_5\lua.hpp">
      <Filter>3rd\lua5_3_5</Filter>
    </ClInclude>
    <ClInclude Include="3rd\lua5_3_5\luaconf.h">
      <Filter>3rd\lua5_3_5</Filter>
    </ClInclude>
    <ClInclude Include="3rd\lua5_3_5\lualib.h">
      <Filter>3rd\lua5_3_5</Filter>
    </ClInclude>
    <ClInclude Include="3rd\lua5_3_5\lundump.h">
      <Filter>3rd\lua5_3_5</Filter>
    </ClInclude>
    <ClInclude Include="3rd\lua5_3_5\lvm.h">
      <Filter>3rd\lua5_3_5</Filter>
    </ClInclude>
    <ClInclude Include="3rd\lua5_3_5\lzio.h">
      <Filter>3rd\lua5_3_5</Filter>
    </ClInclude>
    <ClInclude Include="src\luaprop.h">
      <Filter>src</Filter>
    </ClInclude>
    <ClInclude Include="test\ctest.h">
      <Filter>test</Filter>
    </ClInclude>
  </ItemGroup>
  <ItemGroup>
    <None Include="3rd\lua5_3_5\Makefile">
      <Filter>3rd\lua5_3_5</Filter>
    </None>
  </ItemGroup>
</Project>